
Microsoft Visual Studio Solution File, Format Version 12.00
# Visual Studio 15
VisualStudioVersion = 15.0.26206.0
MinimumVisualStudioVersion = 10.0.40219.1
Project("{2150E333-8FDC-42A3-9474-1A3956D46DE8}") = "src", "src", "{FEC050E5-1675-4BB4-A016-1BA784F58D50}"
EndProject
Project("{2150E333-8FDC-42A3-9474-1A3956D46DE8}") = "_solution", "_solution", "{D68CE241-0F8F-4B11-A5FD-D5119A7EEFA8}"
	ProjectSection(SolutionItems) = preProject
		.gitattributes = .gitattributes
		.gitignore = .gitignore
		global.json = global.json
		NuGet.config = NuGet.config
	EndProjectSection
EndProject
Project("{9A19103F-16F7-4668-BE54-9A1E7A4F7556}") = "dotnet-new-angular", "src\dotnet-new-angular\dotnet-new-angular.csproj", "{DB5BE11F-6FB1-47F4-96D9-E0294496908F}"
EndProject
Project("{9A19103F-16F7-4668-BE54-9A1E7A4F7556}") = "dotnet-new-angular-mvc-less", "src\dotnet-new-angular-mvc-less\dotnet-new-angular-mvc-less.csproj", "{DB1CB50F-EDA9-4284-881D-26E2F105D44A}"
EndProject
Global
	GlobalSection(SolutionConfigurationPlatforms) = preSolution
		Debug|Any CPU = Debug|Any CPU
		Debug|x64 = Debug|x64
		Debug|x86 = Debug|x86
		Release|Any CPU = Release|Any CPU
		Release|x64 = Release|x64
		Release|x86 = Release|x86
	EndGlobalSection
	GlobalSection(ProjectConfigurationPlatforms) = postSolution
		{DB5BE11F-6FB1-47F4-96D9-E0294496908F}.Debug|Any CPU.ActiveCfg = Debug|Any CPU
		{DB5BE11F-6FB1-47F4-96D9-E0294496908F}.Debug|Any CPU.Build.0 = Debug|Any CPU
		{DB5BE11F-6FB1-47F4-96D9-E0294496908F}.Debug|x64.ActiveCfg = Debug|x64
		{DB5BE11F-6FB1-47F4-96D9-E0294496908F}.Debug|x64.Build.0 = Debug|x64
		{DB5BE11F-6FB1-47F4-96D9-E0294496908F}.Debug|x86.ActiveCfg = Debug|x86
		{DB5BE11F-6FB1-47F4-96D9-E0294496908F}.Debug|x86.Build.0 = Debug|x86
		{DB5BE11F-6FB1-47F4-96D9-E0294496908F}.Release|Any CPU.ActiveCfg = Release|Any CPU
		{DB5BE11F-6FB1-47F4-96D9-E0294496908F}.Release|Any CPU.Build.0 = Release|Any CPU
		{DB5BE11F-6FB1-47F4-96D9-E0294496908F}.Release|x64.ActiveCfg = Release|x64
		{DB5BE11F-6FB1-47F4-96D9-E0294496908F}.Release|x64.Build.0 = Release|x64
		{DB5BE11F-6FB1-47F4-96D9-E0294496908F}.Release|x86.ActiveCfg = Release|x86
		{DB5BE11F-6FB1-47F4-96D9-E0294496908F}.Release|x86.Build.0 = Release|x86
		{DB1CB50F-EDA9-4284-881D-26E2F105D44A}.Debug|Any CPU.ActiveCfg = Debug|Any CPU
		{DB1CB50F-EDA9-4284-881D-26E2F105D44A}.Debug|Any CPU.Build.0 = Debug|Any CPU
		{DB1CB50F-EDA9-4284-881D-26E2F105D44A}.Debug|x64.ActiveCfg = Debug|x64
		{DB1CB50F-EDA9-4284-881D-26E2F105D44A}.Debug|x64.Build.0 = Debug|x64
		{DB1CB50F-EDA9-4284-881D-26E2F105D44A}.Debug|x86.ActiveCfg = Debug|x86
		{DB1CB50F-EDA9-4284-881D-26E2F105D44A}.Debug|x86.Build.0 = Debug|x86
		{DB1CB50F-EDA9-4284-881D-26E2F105D44A}.Release|Any CPU.ActiveCfg = Release|Any CPU
		{DB1CB50F-EDA9-4284-881D-26E2F105D44A}.Release|Any CPU.Build.0 = Release|Any CPU
		{DB1CB50F-EDA9-4284-881D-26E2F105D44A}.Release|x64.ActiveCfg = Release|x64
		{DB1CB50F-EDA9-4284-881D-26E2F105D44A}.Release|x64.Build.0 = Release|x64
		{DB1CB50F-EDA9-4284-881D-26E2F105D44A}.Release|x86.ActiveCfg = Release|x86
		{DB1CB50F-EDA9-4284-881D-26E2F105D44A}.Release|x86.Build.0 = Release|x86
	EndGlobalSection
	GlobalSection(SolutionProperties) = preSolution
		HideSolutionNode = FALSE
	EndGlobalSection
	GlobalSection(NestedProjects) = preSolution
		{DB5BE11F-6FB1-47F4-96D9-E0294496908F} = {FEC050E5-1675-4BB4-A016-1BA784F58D50}
		{DB1CB50F-EDA9-4284-881D-26E2F105D44A} = {FEC050E5-1675-4BB4-A016-1BA784F58D50}
	EndGlobalSection
EndGlobal
